// !$*UTF8*$!
{
	archiveVersion = 1;
	classes = {
	};
	objectVersion = 46;
	objects = {

/* Begin PBXBuildFile section */
		FD0C9A441EA6EFEA00901135 /* AppDelegate.swift in Sources */ = {isa = PBXBuildFile; fileRef = FD0C9A431EA6EFEA00901135 /* AppDelegate.swift */; };
		FD0C9A461EA6EFEA00901135 /* ViewController.swift in Sources */ = {isa = PBXBuildFile; fileRef = FD0C9A451EA6EFEA00901135 /* ViewController.swift */; };
		FD0C9A491EA6EFEA00901135 /* Main.storyboard in Resources */ = {isa = PBXBuildFile; fileRef = FD0C9A471EA6EFEA00901135 /* Main.storyboard */; };
		FD0C9A4B1EA6EFEA00901135 /* Assets.xcassets in Resources */ = {isa = PBXBuildFile; fileRef = FD0C9A4A1EA6EFEA00901135 /* Assets.xcassets */; };
		FD0C9A4E1EA6EFEA00901135 /* LaunchScreen.storyboard in Resources */ = {isa = PBXBuildFile; fileRef = FD0C9A4C1EA6EFEA00901135 /* LaunchScreen.storyboard */; };
		FD0C9A561EA6F08300901135 /* Sticker.swift in Sources */ = {isa = PBXBuildFile; fileRef = FD0C9A551EA6F08300901135 /* Sticker.swift */; };
		FD0C9A5A1EA703AE00901135 /* stickerThankYou2Blue.png in Resources */ = {isa = PBXBuildFile; fileRef = FD0C9A591EA703AE00901135 /* stickerThankYou2Blue.png */; };
		FD0C9A5C1EA7048900901135 /* redCross.png in Resources */ = {isa = PBXBuildFile; fileRef = FD0C9A5B1EA7048900901135 /* redCross.png */; };
		FD0C9A601EA70ED200901135 /* simpleShape1.png in Resources */ = {isa = PBXBuildFile; fileRef = FD0C9A5F1EA70ED200901135 /* simpleShape1.png */; };
/* End PBXBuildFile section */

/* Begin PBXFileReference section */
		FD0C9A401EA6EFEA00901135 /* stickerExample.app */ = {isa = PBXFileReference; explicitFileType = wrapper.application; includeInIndex = 0; path = stickerExample.app; sourceTree = BUILT_PRODUCTS_DIR; };
		FD0C9A431EA6EFEA00901135 /* AppDelegate.swift */ = {isa = PBXFileReference; lastKnownFileType = sourcecode.swift; path = AppDelegate.swift; sourceTree = "<group>"; };
		FD0C9A451EA6EFEA00901135 /* ViewController.swift */ = {isa = PBXFileReference; lastKnownFileType = sourcecode.swift; path = ViewController.swift; sourceTree = "<group>"; };
		FD0C9A481EA6EFEA00901135 /* Base */ = {isa = PBXFileReference; lastKnownFileType = file.storyboard; name = Base; path = Base.lproj/Main.storyboard; sourceTree = "<group>"; };
		FD0C9A4A1EA6EFEA00901135 /* Assets.xcassets */ = {isa = PBXFileReference; lastKnownFileType = folder.assetcatalog; path = Assets.xcassets; sourceTree = "<group>"; };
		FD0C9A4D1EA6EFEA00901135 /* Base */ = {isa = PBXFileReference; lastKnownFileType = file.storyboard; name = Base; path = Base.lproj/LaunchScreen.storyboard; sourceTree = "<group>"; };
		FD0C9A4F1EA6EFEA00901135 /* Info.plist */ = {isa = PBXFileReference; lastKnownFileType = text.plist.xml; path = Info.plist; sourceTree = "<group>"; };
		FD0C9A551EA6F08300901135 /* Sticker.swift */ = {isa = PBXFileReference; fileEncoding = 4; lastKnownFileType = sourcecode.swift; path = Sticker.swift; sourceTree = "<group>"; };
		FD0C9A591EA703AE00901135 /* stickerThankYou2Blue.png */ = {isa = PBXFileReference; lastKnownFileType = image.png; name = stickerThankYou2Blue.png; path = ../../../../Downloads/loveyou/stickerThankYou2Blue.png; sourceTree = "<group>"; };
		FD0C9A5B1EA7048900901135 /* redCross.png */ = {isa = PBXFileReference; lastKnownFileType = image.png; name = redCross.png; path = ../../../../Downloads/redCross.png; sourceTree = "<group>"; };
		FD0C9A5F1EA70ED200901135 /* simpleShape1.png */ = {isa = PBXFileReference; lastKnownFileType = image.png; name = simpleShape1.png; path = ../../../../Downloads/simpleShape1.png; sourceTree = "<group>"; };
/* End PBXFileReference section */

/* Begin PBXFrameworksBuildPhase section */
		FD0C9A3D1EA6EFEA00901135 /* Frameworks */ = {
			isa = PBXFrameworksBuildPhase;
			buildActionMask = 2147483647;
			files = (
			);
			runOnlyForDeploymentPostprocessing = 0;
		};
/* End PBXFrameworksBuildPhase section */

/* Begin PBXGroup section */
		FD0C9A371EA6EFEA00901135 = {
			isa = PBXGroup;
			children = (
				FD0C9A421EA6EFEA00901135 /* stickerExample */,
				FD0C9A411EA6EFEA00901135 /* Products */,
			);
			sourceTree = "<group>";
		};
		FD0C9A411EA6EFEA00901135 /* Products */ = {
			isa = PBXGroup;
			children = (
				FD0C9A401EA6EFEA00901135 /* stickerExample.app */,
			);
			name = Products;
			sourceTree = "<group>";
		};
		FD0C9A421EA6EFEA00901135 /* stickerExample */ = {
			isa = PBXGroup;
			children = (
				FD0C9A431EA6EFEA00901135 /* AppDelegate.swift */,
				FD0C9A451EA6EFEA00901135 /* ViewController.swift */,
				FD0C9A5F1EA70ED200901135 /* simpleShape1.png */,
				FD0C9A591EA703AE00901135 /* stickerThankYou2Blue.png */,
				FD0C9A551EA6F08300901135 /* Sticker.swift */,
				FD0C9A5B1EA7048900901135 /* redCross.png */,
				FD0C9A471EA6EFEA00901135 /* Main.storyboard */,
				FD0C9A4A1EA6EFEA00901135 /* Assets.xcassets */,
				FD0C9A4C1EA6EFEA00901135 /* LaunchScreen.storyboard */,
				FD0C9A4F1EA6EFEA00901135 /* Info.plist */,
			);
			path = stickerExample;
			sourceTree = "<group>";
		};
/* End PBXGroup section */

/* Begin PBXNativeTarget section */
		FD0C9A3F1EA6EFEA00901135 /* stickerExample */ = {
			isa = PBXNativeTarget;
			buildConfigurationList = FD0C9A521EA6EFEA00901135 /* Build configuration list for PBXNativeTarget "stickerExample" */;
			buildPhases = (
				FD0C9A3C1EA6EFEA00901135 /* Sources */,
				FD0C9A3D1EA6EFEA00901135 /* Frameworks */,
				FD0C9A3E1EA6EFEA00901135 /* Resources */,
			);
			buildRules = (
			);
			dependencies = (
			);
			name = stickerExample;
			productName = stickerExample;
			productReference = FD0C9A401EA6EFEA00901135 /* stickerExample.app */;
			productType = "com.apple.product-type.application";
		};
/* End PBXNativeTarget section */

/* Begin PBXProject section */
		FD0C9A381EA6EFEA00901135 /* Project object */ = {
			isa = PBXProject;
			attributes = {
				LastSwiftUpdateCheck = 0820;
				LastUpgradeCheck = 0820;
				ORGANIZATIONNAME = Aroopy;
				TargetAttributes = {
					FD0C9A3F1EA6EFEA00901135 = {
						CreatedOnToolsVersion = 8.2.1;
						DevelopmentTeam = HZQXS34837;
						ProvisioningStyle = Automatic;
					};
				};
			};
			buildConfigurationList = FD0C9A3B1EA6EFEA00901135 /* Build configuration list for PBXProject "stickerExample" */;
			compatibilityVersion = "Xcode 3.2";
			developmentRegion = English;
			hasScannedForEncodings = 0;
			knownRegions = (
				en,
				Base,
			);
			mainGroup = FD0C9A371EA6EFEA00901135;
			productRefGroup = FD0C9A411EA6EFEA00901135 /* Products */;
			projectDirPath = "";
			projectRoot = "";
			targets = (
				FD0C9A3F1EA6EFEA00901135 /* stickerExample */,
			);
		};
/* End PBXProject section */

/* Begin PBXResourcesBuildPhase section */
		FD0C9A3E1EA6EFEA00901135 /* Resources */ = {
			isa = PBXResourcesBuildPhase;
			buildActionMask = 2147483647;
			files = (
				FD0C9A601EA70ED200901135 /* simpleShape1.png in Resources */,
				FD0C9A4E1EA6EFEA00901135 /* LaunchScreen.storyboard in Resources */,
				FD0C9A5C1EA7048900901135 /* redCross.png in Resources */,
				FD0C9A4B1EA6EFEA00901135 /* Assets.xcassets in Resources */,
				FD0C9A5A1EA703AE00901135 /* stickerThankYou2Blue.png in Resources */,
				FD0C9A491EA6EFEA00901135 /* Main.storyboard in Resources */,
			);
			runOnlyForDeploymentPostprocessing = 0;
		};
/* End PBXResourcesBuildPhase section */

/* Begin PBXSourcesBuildPhase section */
		FD0C9A3C1EA6EFEA00901135 /* Sources */ = {
			isa = PBXSourcesBuildPhase;
			buildActionMask = 2147483647;
			files = (
				FD0C9A461EA6EFEA00901135 /* ViewController.swift in Sources */,
				FD0C9A561EA6F08300901135 /* Sticker.swift in Sources */,
				FD0C9A441EA6EFEA00901135 /* AppDelegate.swift in Sources */,
			);
			runOnlyForDeploymentPostprocessing = 0;
		};
/* End PBXSourcesBuildPhase section */

/* Begin PBXVariantGroup section */
		FD0C9A471EA6EFEA00901135 /* Main.storyboard */ = {
			isa = PBXVariantGroup;
			children = (
				FD0C9A481EA6EFEA00901135 /* Base */,
			);
			name = Main.storyboard;
			sourceTree = "<group>";
		};
		FD0C9A4C1EA6EFEA00901135 /* LaunchScreen.storyboard */ = {
			isa = PBXVariantGroup;
			children = (
				FD0C9A4D1EA6EFEA00901135 /* Base */,
			);
			name = LaunchScreen.storyboard;
			sourceTree = "<group>";
		};
/* End PBXVariantGroup section */

/* Begin XCBuildConfiguration section */
		FD0C9A501EA6EFEA00901135 /* Debug */ = {
			isa = XCBuildConfiguration;
			buildSettings = {
				ALWAYS_SEARCH_USER_PATHS = NO;
				CLANG_ANALYZER_NONNULL = YES;
				CLANG_CXX_LANGUAGE_STANDARD = "gnu++0x";
				CLANG_CXX_LIBRARY = "libc++";
				CLANG_ENABLE_MODULES = YES;
				CLANG_ENABLE_OBJC_ARC = YES;
				CLANG_WARN_BOOL_CONVERSION = YES;
				CLANG_WARN_CONSTANT_CONVERSION = YES;
				CLANG_WARN_DIRECT_OBJC_ISA_USAGE = YES_ERROR;
				CLANG_WARN_DOCUMENTATION_COMMENTS = YES;
				CLANG_WARN_EMPTY_BODY = YES;
				CLANG_WARN_ENUM_CONVERSION = YES;
				CLANG_WARN_INFINITE_RECURSION = YES;
				CLANG_WARN_INT_CONVERSION = YES;
				CLANG_WARN_OBJC_ROOT_CLASS = YES_ERROR;
				CLANG_WARN_SUSPICIOUS_MOVE = YES;
				CLANG_WARN_UNREACHABLE_CODE = YES;
				CLANG_WARN__DUPLICATE_METHOD_MATCH = YES;
				"CODE_SIGN_IDENTITY[sdk=iphoneos*]" = "iPhone Developer";
				COPY_PHASE_STRIP = NO;
				DEBUG_INFORMATION_FORMAT = dwarf;
				ENABLE_STRICT_OBJC_MSGSEND = YES;
				ENABLE_TESTABILITY = YES;
				GCC_C_LANGUAGE_STANDARD = gnu99;
				GCC_DYNAMIC_NO_PIC = NO;
				GCC_NO_COMMON_BLOCKS = YES;
				GCC_OPTIMIZATION_LEVEL = 0;
				GCC_PREPROCESSOR_DEFINITIONS = (
					"DEBUG=1",
					"$(inherited)",
				);
				GCC_WARN_64_TO_32_BIT_CONVERSION = YES;
				GCC_WARN_ABOUT_RETURN_TYPE = YES_ERROR;
				GCC_WARN_UNDECLARED_SELECTOR = YES;
				GCC_WARN_UNINITIALIZED_AUTOS = YES_AGGRESSIVE;
				GCC_WARN_UNUSED_FUNCTION = YES;
				GCC_WARN_UNUSED_VARIABLE = YES;
				IPHONEOS_DEPLOYMENT_TARGET = 10.2;
				MTL_ENABLE_DEBUG_INFO = YES;
				ONLY_ACTIVE_ARCH = YES;
				SDKROOT = iphoneos;
				SWIFT_ACTIVE_COMPILATION_CONDITIONS = DEBUG;
				SWIFT_OPTIMIZATION_LEVEL = "-Onone";
				TARGETED_DEVICE_FAMILY = "1,2";
			};
			name = Debug;
		};
		FD0C9A511EA6EFEA00901135 /* Release */ = {
			isa = XCBuildConfiguration;
			buildSettings = {
				ALWAYS_SEARCH_USER_PATHS = NO;
				CLANG_ANALYZER_NONNULL = YES;
				CLANG_CXX_LANGUAGE_STANDARD = "gnu++0x";
				CLANG_CXX_LIBRARY = "libc++";
				CLANG_ENABLE_MODULES = YES;
				CLANG_ENABLE_OBJC_ARC = YES;
				CLANG_WARN_BOOL_CONVERSION = YES;
				CLANG_WARN_CONSTANT_CONVERSION = YES;
				CLANG_WARN_DIRECT_OBJC_ISA_USAGE = YES_ERROR;
				CLANG_WARN_DOCUMENTATION_COMMENTS = YES;
				CLANG_WARN_EMPTY_BODY = YES;
				CLANG_WARN_ENUM_CONVERSION = YES;
				CLANG_WARN_INFINITE_RECURSION = YES;
				CLANG_WARN_INT_CONVERSION = YES;
				CLANG_WARN_OBJC_ROOT_CLASS = YES_ERROR;
				CLANG_WARN_SUSPICIOUS_MOVE = YES;
				CLANG_WARN_UNREACHABLE_CODE = YES;
				CLANG_WARN__DUPLICATE_METHOD_MATCH = YES;
				"CODE_SIGN_IDENTITY[sdk=iphoneos*]" = "iPhone Developer";
				COPY_PHASE_STRIP = NO;
				DEBUG_INFORMATION_FORMAT = "dwarf-with-dsym";
				ENABLE_NS_ASSERTIONS = NO;
				ENABLE_STRICT_OBJC_MSGSEND = YES;
				GCC_C_LANGUAGE_STANDARD = gnu99;
				GCC_NO_COMMON_BLOCKS = YES;
				GCC_WARN_64_TO_32_BIT_CONVERSION = YES;
				GCC_WARN_ABOUT_RETURN_TYPE = YES_ERROR;
				GCC_WARN_UNDECLARED_SELECTOR = YES;
				GCC_WARN_UNINITIALIZED_AUTOS = YES_AGGRESSIVE;
				GCC_WARN_UNUSED_FUNCTION = YES;
				GCC_WARN_UNUSED_VARIABLE = YES;
				IPHONEOS_DEPLOYMENT_TARGET = 10.2;
				MTL_ENABLE_DEBUG_INFO = NO;
				SDKROOT = iphoneos;
				SWIFT_OPTIMIZATION_LEVEL = "-Owholemodule";
				TARGETED_DEVICE_FAMILY = "1,2";
				VALIDATE_PRODUCT = YES;
			};
			name = Release;
		};
		FD0C9A531EA6EFEA00901135 /* Debug */ = {
			isa = XCBuildConfiguration;
			buildSettings = {
				ASSETCATALOG_COMPILER_APPICON_NAME = AppIcon;
				DEVELOPMENT_TEAM = HZQXS34837;
				INFOPLIST_FILE = stickerExample/Info.plist;
				LD_RUNPATH_SEARCH_PATHS = "$(inherited) @executable_path/Frameworks";
				PRODUCT_BUNDLE_IDENTIFIER = com.aroopyinc.stickerExample;
				PRODUCT_NAME = "$(TARGET_NAME)";
				SWIFT_VERSION = 3.0;
			};
			name = Debug;
		};
		FD0C9A541EA6EFEA00901135 /* Release */ = {
			isa = XCBuildConfiguration;
			buildSettings = {
				ASSETCATALOG_COMPILER_APPICON_NAME = AppIcon;
				DEVELOPMENT_TEAM = HZQXS34837;
				INFOPLIST_FILE = stickerExample/Info.plist;
				LD_RUNPATH_SEARCH_PATHS = "$(inherited) @executable_path/Frameworks";
				PRODUCT_BUNDLE_IDENTIFIER = com.aroopyinc.stickerExample;
				PRODUCT_NAME = "$(TARGET_NAME)";
				SWIFT_VERSION = 3.0;
			};
			name = Release;
		};
/* End XCBuildConfiguration section */

/* Begin XCConfigurationList section */
		FD0C9A3B1EA6EFEA00901135 /* Build configuration list for PBXProject "stickerExample" */ = {
			isa = XCConfigurationList;
			buildConfigurations = (
				FD0C9A501EA6EFEA00901135 /* Debug */,
				FD0C9A511EA6EFEA00901135 /* Release */,
			);
			defaultConfigurationIsVisible = 0;
			defaultConfigurationName = Release;
		};
		FD0C9A521EA6EFEA00901135 /* Build configuration list for PBXNativeTarget "stickerExample" */ = {
			isa = XCConfigurationList;
			buildConfigurations = (
				FD0C9A531EA6EFEA00901135 /* Debug */,
				FD0C9A541EA6EFEA00901135 /* Release */,
			);
			defaultConfigurationIsVisible = 0;
		};
/* End XCConfigurationList section */
	};
	rootObject = FD0C9A381EA6EFEA00901135 /* Project object */;
}
